// !$*UTF8*$!
{
	archiveVersion = 1;
	classes = {
	};
	objectVersion = 46;
	objects = {

/* Begin PBXBuildFile section */
		4A5B88B31C5CA03B0043572D /* AppDelegate.swift in Sources */ = {isa = PBXBuildFile; fileRef = 4A5B88B21C5CA03B0043572D /* AppDelegate.swift */; };
		4A5B88BA1C5CA03B0043572D /* Assets.xcassets in Resources */ = {isa = PBXBuildFile; fileRef = 4A5B88B91C5CA03B0043572D /* Assets.xcassets */; };
		4A5B88D61C5CADF10043572D /* RYTabBarController.swift in Sources */ = {isa = PBXBuildFile; fileRef = 4A5B88D51C5CADF10043572D /* RYTabBarController.swift */; };
		4A5B88D81C5CAE5D0043572D /* RYTabBar.swift in Sources */ = {isa = PBXBuildFile; fileRef = 4A5B88D71C5CAE5D0043572D /* RYTabBar.swift */; };
		4A5B88DA1C5CB42B0043572D /* RYDiscoverController.swift in Sources */ = {isa = PBXBuildFile; fileRef = 4A5B88D91C5CB42A0043572D /* RYDiscoverController.swift */; };
		4A5B88DC1C5CB4400043572D /* RYHomeController.swift in Sources */ = {isa = PBXBuildFile; fileRef = 4A5B88DB1C5CB4400043572D /* RYHomeController.swift */; };
		4A5B88DE1C5CB4520043572D /* RYMessageController.swift in Sources */ = {isa = PBXBuildFile; fileRef = 4A5B88DD1C5CB4520043572D /* RYMessageController.swift */; };
		4A5B88E01C5CB4690043572D /* RYProfileController.swift in Sources */ = {isa = PBXBuildFile; fileRef = 4A5B88DF1C5CB4690043572D /* RYProfileController.swift */; };
		4A6EAB781C61F2AA00A08B4B /* RYBasicVisitorTVC.swift in Sources */ = {isa = PBXBuildFile; fileRef = 4A6EAB771C61F2AA00A08B4B /* RYBasicVisitorTVC.swift */; };
		4A6EAB7A1C61FFD300A08B4B /* RYVisitorView.swift in Sources */ = {isa = PBXBuildFile; fileRef = 4A6EAB791C61FFD300A08B4B /* RYVisitorView.swift */; };
		4A7919231C749E870045DD08 /* RYAuthController.swift in Sources */ = {isa = PBXBuildFile; fileRef = 4A7919221C749E870045DD08 /* RYAuthController.swift */; };
		4A7919281C749EC60045DD08 /* RYHomeCell.swift in Sources */ = {isa = PBXBuildFile; fileRef = 4A7919271C749EC60045DD08 /* RYHomeCell.swift */; };
		4A965E741C75A56500DB1FBC /* RYOriginalWeibo.swift in Sources */ = {isa = PBXBuildFile; fileRef = 4A965E731C75A56500DB1FBC /* RYOriginalWeibo.swift */; };
		4A965E761C75C72F00DB1FBC /* RYBottomView.swift in Sources */ = {isa = PBXBuildFile; fileRef = 4A965E751C75C72F00DB1FBC /* RYBottomView.swift */; };
		4A965F021C736A45005E14E1 /* RYStatusViewModel.swift in Sources */ = {isa = PBXBuildFile; fileRef = 4A965F011C736A45005E14E1 /* RYStatusViewModel.swift */; };
		4A965F041C736B5F005E14E1 /* RYStatus.swift in Sources */ = {isa = PBXBuildFile; fileRef = 4A965F031C736B5F005E14E1 /* RYStatus.swift */; };
		4A965F061C737185005E14E1 /* RYUser.swift in Sources */ = {isa = PBXBuildFile; fileRef = 4A965F051C737185005E14E1 /* RYUser.swift */; };
		4A9E01181C64D6BA0045AC09 /* RYGlobal.swift in Sources */ = {isa = PBXBuildFile; fileRef = 4A9E01171C64D6BA0045AC09 /* RYGlobal.swift */; };
		4A9E011A1C64DF7F0045AC09 /* RYNetworkTool.swift in Sources */ = {isa = PBXBuildFile; fileRef = 4A9E01191C64DF7F0045AC09 /* RYNetworkTool.swift */; };
		4AD248A71C6883BC003F110A /* RYUserAccount.swift in Sources */ = {isa = PBXBuildFile; fileRef = 4AD248A61C6883BC003F110A /* RYUserAccount.swift */; };
		4AD248A91C68A04D003F110A /* RYAccountViewModel.swift in Sources */ = {isa = PBXBuildFile; fileRef = 4AD248A81C68A04D003F110A /* RYAccountViewModel.swift */; };
		4AD248AB1C68CA98003F110A /* RYWelcomeController.swift in Sources */ = {isa = PBXBuildFile; fileRef = 4AD248AA1C68CA98003F110A /* RYWelcomeController.swift */; };
		4AED05EB1C73456900C9C7D8 /* UILabel+Extension.swift in Sources */ = {isa = PBXBuildFile; fileRef = 4AED05EA1C73456900C9C7D8 /* UILabel+Extension.swift */; };
		4AED05ED1C734A1400C9C7D8 /* UIButton+Extension.swift in Sources */ = {isa = PBXBuildFile; fileRef = 4AED05EC1C734A1400C9C7D8 /* UIButton+Extension.swift */; };
		F2C2D4B5108C5FBBF952793B /* Pods.framework in Frameworks */ = {isa = PBXBuildFile; fileRef = 3A8166AB1A428C446AE172A0 /* Pods.framework */; };
/* End PBXBuildFile section */

/* Begin PBXFileReference section */
		3A8166AB1A428C446AE172A0 /* Pods.framework */ = {isa = PBXFileReference; explicitFileType = wrapper.framework; includeInIndex = 0; path = Pods.framework; sourceTree = BUILT_PRODUCTS_DIR; };
		4A5B88AF1C5CA03B0043572D /* Ryubo.app */ = {isa = PBXFileReference; explicitFileType = wrapper.application; includeInIndex = 0; path = Ryubo.app; sourceTree = BUILT_PRODUCTS_DIR; };
		4A5B88B21C5CA03B0043572D /* AppDelegate.swift */ = {isa = PBXFileReference; lastKnownFileType = sourcecode.swift; path = AppDelegate.swift; sourceTree = "<group>"; };
		4A5B88B91C5CA03B0043572D /* Assets.xcassets */ = {isa = PBXFileReference; lastKnownFileType = folder.assetcatalog; path = Assets.xcassets; sourceTree = "<group>"; };
		4A5B88BE1C5CA03B0043572D /* Info.plist */ = {isa = PBXFileReference; lastKnownFileType = text.plist.xml; path = Info.plist; sourceTree = "<group>"; };
		4A5B88D51C5CADF10043572D /* RYTabBarController.swift */ = {isa = PBXFileReference; fileEncoding = 4; lastKnownFileType = sourcecode.swift; path = RYTabBarController.swift; sourceTree = "<group>"; };
		4A5B88D71C5CAE5D0043572D /* RYTabBar.swift */ = {isa = PBXFileReference; fileEncoding = 4; lastKnownFileType = sourcecode.swift; path = RYTabBar.swift; sourceTree = "<group>"; };
		4A5B88D91C5CB42A0043572D /* RYDiscoverController.swift */ = {isa = PBXFileReference; fileEncoding = 4; lastKnownFileType = sourcecode.swift; path = RYDiscoverController.swift; sourceTree = "<group>"; };
		4A5B88DB1C5CB4400043572D /* RYHomeController.swift */ = {isa = PBXFileReference; fileEncoding = 4; lastKnownFileType = sourcecode.swift; path = RYHomeController.swift; sourceTree = "<group>"; };
		4A5B88DD1C5CB4520043572D /* RYMessageController.swift */ = {isa = PBXFileReference; fileEncoding = 4; lastKnownFileType = sourcecode.swift; path = RYMessageController.swift; sourceTree = "<group>"; };
		4A5B88DF1C5CB4690043572D /* RYProfileController.swift */ = {isa = PBXFileReference; fileEncoding = 4; lastKnownFileType = sourcecode.swift; path = RYProfileController.swift; sourceTree = "<group>"; };
		4A6EAB771C61F2AA00A08B4B /* RYBasicVisitorTVC.swift */ = {isa = PBXFileReference; fileEncoding = 4; lastKnownFileType = sourcecode.swift; path = RYBasicVisitorTVC.swift; sourceTree = "<group>"; };
		4A6EAB791C61FFD300A08B4B /* RYVisitorView.swift */ = {isa = PBXFileReference; fileEncoding = 4; lastKnownFileType = sourcecode.swift; path = RYVisitorView.swift; sourceTree = "<group>"; };
		4A7919221C749E870045DD08 /* RYAuthController.swift */ = {isa = PBXFileReference; fileEncoding = 4; lastKnownFileType = sourcecode.swift; name = RYAuthController.swift; path = OAuth/RYAuthController.swift; sourceTree = "<group>"; };
		4A7919271C749EC60045DD08 /* RYHomeCell.swift */ = {isa = PBXFileReference; fileEncoding = 4; lastKnownFileType = sourcecode.swift; path = RYHomeCell.swift; sourceTree = "<group>"; };
		4A965E731C75A56500DB1FBC /* RYOriginalWeibo.swift */ = {isa = PBXFileReference; fileEncoding = 4; lastKnownFileType = sourcecode.swift; path = RYOriginalWeibo.swift; sourceTree = "<group>"; };
		4A965E751C75C72F00DB1FBC /* RYBottomView.swift */ = {isa = PBXFileReference; fileEncoding = 4; lastKnownFileType = sourcecode.swift; path = RYBottomView.swift; sourceTree = "<group>"; };
		4A965F011C736A45005E14E1 /* RYStatusViewModel.swift */ = {isa = PBXFileReference; fileEncoding = 4; lastKnownFileType = sourcecode.swift; path = RYStatusViewModel.swift; sourceTree = "<group>"; };
		4A965F031C736B5F005E14E1 /* RYStatus.swift */ = {isa = PBXFileReference; fileEncoding = 4; lastKnownFileType = sourcecode.swift; path = RYStatus.swift; sourceTree = "<group>"; };
		4A965F051C737185005E14E1 /* RYUser.swift */ = {isa = PBXFileReference; fileEncoding = 4; lastKnownFileType = sourcecode.swift; path = RYUser.swift; sourceTree = "<group>"; };
		4A9E01171C64D6BA0045AC09 /* RYGlobal.swift */ = {isa = PBXFileReference; fileEncoding = 4; lastKnownFileType = sourcecode.swift; path = RYGlobal.swift; sourceTree = "<group>"; };
		4A9E01191C64DF7F0045AC09 /* RYNetworkTool.swift */ = {isa = PBXFileReference; fileEncoding = 4; lastKnownFileType = sourcecode.swift; path = RYNetworkTool.swift; sourceTree = "<group>"; };
		4AD248A61C6883BC003F110A /* RYUserAccount.swift */ = {isa = PBXFileReference; fileEncoding = 4; lastKnownFileType = sourcecode.swift; path = RYUserAccount.swift; sourceTree = "<group>"; };
		4AD248A81C68A04D003F110A /* RYAccountViewModel.swift */ = {isa = PBXFileReference; fileEncoding = 4; lastKnownFileType = sourcecode.swift; path = RYAccountViewModel.swift; sourceTree = "<group>"; };
		4AD248AA1C68CA98003F110A /* RYWelcomeController.swift */ = {isa = PBXFileReference; fileEncoding = 4; lastKnownFileType = sourcecode.swift; path = RYWelcomeController.swift; sourceTree = "<group>"; };
		4AED05EA1C73456900C9C7D8 /* UILabel+Extension.swift */ = {isa = PBXFileReference; fileEncoding = 4; lastKnownFileType = sourcecode.swift; path = "UILabel+Extension.swift"; sourceTree = "<group>"; };
		4AED05EC1C734A1400C9C7D8 /* UIButton+Extension.swift */ = {isa = PBXFileReference; fileEncoding = 4; lastKnownFileType = sourcecode.swift; path = "UIButton+Extension.swift"; sourceTree = "<group>"; };
		6798C9D5691F9A278F7381A5 /* Pods.debug.xcconfig */ = {isa = PBXFileReference; includeInIndex = 1; lastKnownFileType = text.xcconfig; name = Pods.debug.xcconfig; path = "Pods/Target Support Files/Pods/Pods.debug.xcconfig"; sourceTree = "<group>"; };
		7C3328FF88D4489EA9BFE773 /* Pods.release.xcconfig */ = {isa = PBXFileReference; includeInIndex = 1; lastKnownFileType = text.xcconfig; name = Pods.release.xcconfig; path = "Pods/Target Support Files/Pods/Pods.release.xcconfig"; sourceTree = "<group>"; };
/* End PBXFileReference section */

/* Begin PBXFrameworksBuildPhase section */
		4A5B88AC1C5CA03B0043572D /* Frameworks */ = {
			isa = PBXFrameworksBuildPhase;
			buildActionMask = 2147483647;
			files = (
				F2C2D4B5108C5FBBF952793B /* Pods.framework in Frameworks */,
			);
			runOnlyForDeploymentPostprocessing = 0;
		};
/* End PBXFrameworksBuildPhase section */

/* Begin PBXGroup section */
		0997C212865D16240FEBA209 /* Frameworks */ = {
			isa = PBXGroup;
			children = (
				3A8166AB1A428C446AE172A0 /* Pods.framework */,
			);
			name = Frameworks;
			sourceTree = "<group>";
		};
		4A5B88A61C5CA03B0043572D = {
			isa = PBXGroup;
			children = (
				4A5B88B11C5CA03B0043572D /* Ryubo */,
				4A5B88B01C5CA03B0043572D /* Products */,
				9CDC64A5C03D19732D45CDF7 /* Pods */,
				0997C212865D16240FEBA209 /* Frameworks */,
			);
			sourceTree = "<group>";
		};
		4A5B88B01C5CA03B0043572D /* Products */ = {
			isa = PBXGroup;
			children = (
				4A5B88AF1C5CA03B0043572D /* Ryubo.app */,
			);
			name = Products;
			sourceTree = "<group>";
		};
		4A5B88B11C5CA03B0043572D /* Ryubo */ = {
			isa = PBXGroup;
			children = (
				4A5B88B21C5CA03B0043572D /* AppDelegate.swift */,
				4A5B88C41C5CA7D20043572D /* Classes */,
				4A5B88B91C5CA03B0043572D /* Assets.xcassets */,
				4A5B88BE1C5CA03B0043572D /* Info.plist */,
			);
			path = Ryubo;
			sourceTree = "<group>";
		};
		4A5B88C41C5CA7D20043572D /* Classes */ = {
			isa = PBXGroup;
			children = (
				4A5B88C51C5CA7D20043572D /* Model */,
				4A5B88C61C5CA7D20043572D /* Tools */,
				4A5B88C71C5CA7D20043572D /* View */,
				4A5B88D01C5CA7D20043572D /* ViewModel */,
			);
			path = Classes;
			sourceTree = "<group>";
		};
		4A5B88C51C5CA7D20043572D /* Model */ = {
			isa = PBXGroup;
			children = (
				4AD248A61C6883BC003F110A /* RYUserAccount.swift */,
				4A965F031C736B5F005E14E1 /* RYStatus.swift */,
				4A965F051C737185005E14E1 /* RYUser.swift */,
			);
			path = Model;
			sourceTree = "<group>";
		};
		4A5B88C61C5CA7D20043572D /* Tools */ = {
			isa = PBXGroup;
			children = (
				4AED05E91C73455A00C9C7D8 /* Extension */,
				4A9E01171C64D6BA0045AC09 /* RYGlobal.swift */,
				4A9E01191C64DF7F0045AC09 /* RYNetworkTool.swift */,
			);
			path = Tools;
			sourceTree = "<group>";
		};
		4A5B88C71C5CA7D20043572D /* View */ = {
			isa = PBXGroup;
			children = (
				4A5B88CF1C5CA7D20043572D /* Welcome */,
				4A9E01141C6478570045AC09 /* AuthView */,
				4A5B88CB1C5CA7D20043572D /* Main */,
				4A5B88C81C5CA7D20043572D /* Compose */,
				4A5B88C91C5CA7D20043572D /* Discover */,
				4A5B88CA1C5CA7D20043572D /* Home */,
				4A5B88CC1C5CA7D20043572D /* Message */,
				4A5B88CE1C5CA7D20043572D /* Profile */,
			);
			path = View;
			sourceTree = "<group>";
		};
		4A5B88C81C5CA7D20043572D /* Compose */ = {
			isa = PBXGroup;
			children = (
			);
			path = Compose;
			sourceTree = "<group>";
		};
		4A5B88C91C5CA7D20043572D /* Discover */ = {
			isa = PBXGroup;
			children = (
				4A5B88D91C5CB42A0043572D /* RYDiscoverController.swift */,
			);
			path = Discover;
			sourceTree = "<group>";
		};
		4A5B88CA1C5CA7D20043572D /* Home */ = {
			isa = PBXGroup;
			children = (
				4A7919241C749E9D0045DD08 /* Cell */,
				4A5B88DB1C5CB4400043572D /* RYHomeController.swift */,
			);
			path = Home;
			sourceTree = "<group>";
		};
		4A5B88CB1C5CA7D20043572D /* Main */ = {
			isa = PBXGroup;
			children = (
				4A5B88D51C5CADF10043572D /* RYTabBarController.swift */,
				4A5B88D71C5CAE5D0043572D /* RYTabBar.swift */,
				4A6EAB771C61F2AA00A08B4B /* RYBasicVisitorTVC.swift */,
				4A6EAB791C61FFD300A08B4B /* RYVisitorView.swift */,
			);
			path = Main;
			sourceTree = "<group>";
		};
		4A5B88CC1C5CA7D20043572D /* Message */ = {
			isa = PBXGroup;
			children = (
				4A5B88DD1C5CB4520043572D /* RYMessageController.swift */,
			);
			path = Message;
			sourceTree = "<group>";
		};
		4A5B88CE1C5CA7D20043572D /* Profile */ = {
			isa = PBXGroup;
			children = (
				4A5B88DF1C5CB4690043572D /* RYProfileController.swift */,
			);
			path = Profile;
			sourceTree = "<group>";
		};
		4A5B88CF1C5CA7D20043572D /* Welcome */ = {
			isa = PBXGroup;
			children = (
				4AD248AA1C68CA98003F110A /* RYWelcomeController.swift */,
			);
			path = Welcome;
			sourceTree = "<group>";
		};
		4A5B88D01C5CA7D20043572D /* ViewModel */ = {
			isa = PBXGroup;
			children = (
				4AD248A81C68A04D003F110A /* RYAccountViewModel.swift */,
				4A965F011C736A45005E14E1 /* RYStatusViewModel.swift */,
			);
			path = ViewModel;
			sourceTree = "<group>";
		};
		4A7919241C749E9D0045DD08 /* Cell */ = {
			isa = PBXGroup;
			children = (
				4A7919271C749EC60045DD08 /* RYHomeCell.swift */,
				4A965E731C75A56500DB1FBC /* RYOriginalWeibo.swift */,
				4A965E751C75C72F00DB1FBC /* RYBottomView.swift */,
			);
			path = Cell;
			sourceTree = "<group>";
		};
		4A9E01141C6478570045AC09 /* AuthView */ = {
			isa = PBXGroup;
			children = (
				4A7919221C749E870045DD08 /* RYAuthController.swift */,
			);
			name = AuthView;
			sourceTree = "<group>";
		};
		4AED05E91C73455A00C9C7D8 /* Extension */ = {
			isa = PBXGroup;
			children = (
				4AED05EA1C73456900C9C7D8 /* UILabel+Extension.swift */,
				4AED05EC1C734A1400C9C7D8 /* UIButton+Extension.swift */,
			);
			path = Extension;
			sourceTree = "<group>";
		};
		9CDC64A5C03D19732D45CDF7 /* Pods */ = {
			isa = PBXGroup;
			children = (
				6798C9D5691F9A278F7381A5 /* Pods.debug.xcconfig */,
				7C3328FF88D4489EA9BFE773 /* Pods.release.xcconfig */,
			);
			name = Pods;
			sourceTree = "<group>";
		};
/* End PBXGroup section */

/* Begin PBXNativeTarget section */
		4A5B88AE1C5CA03B0043572D /* Ryubo */ = {
			isa = PBXNativeTarget;
			buildConfigurationList = 4A5B88C11C5CA03B0043572D /* Build configuration list for PBXNativeTarget "Ryubo" */;
			buildPhases = (
				750CC0219E2B14C03344B9D1 /* Check Pods Manifest.lock */,
				4A5B88AB1C5CA03B0043572D /* Sources */,
				4A5B88AC1C5CA03B0043572D /* Frameworks */,
				4A5B88AD1C5CA03B0043572D /* Resources */,
				060EEE134001A8A8F9DB8202 /* Embed Pods Frameworks */,
				F425B44813558D3FEC5BAC1C /* Copy Pods Resources */,
			);
			buildRules = (
			);
			dependencies = (
			);
			name = Ryubo;
			productName = Ryubo;
			productReference = 4A5B88AF1C5CA03B0043572D /* Ryubo.app */;
			productType = "com.apple.product-type.application";
		};
/* End PBXNativeTarget section */

/* Begin PBXProject section */
		4A5B88A71C5CA03B0043572D /* Project object */ = {
			isa = PBXProject;
			attributes = {
				CLASSPREFIX = RY;
				LastSwiftUpdateCheck = 0720;
				LastUpgradeCheck = 0720;
				ORGANIZATIONNAME = Ryukie;
				TargetAttributes = {
					4A5B88AE1C5CA03B0043572D = {
						CreatedOnToolsVersion = 7.2;
						DevelopmentTeam = 9YMD84BE3Z;
					};
				};
			};
			buildConfigurationList = 4A5B88AA1C5CA03B0043572D /* Build configuration list for PBXProject "Ryubo" */;
			compatibilityVersion = "Xcode 3.2";
			developmentRegion = English;
			hasScannedForEncodings = 0;
			knownRegions = (
				en,
				Base,
			);
			mainGroup = 4A5B88A61C5CA03B0043572D;
			productRefGroup = 4A5B88B01C5CA03B0043572D /* Products */;
			projectDirPath = "";
			projectRoot = "";
			targets = (
				4A5B88AE1C5CA03B0043572D /* Ryubo */,
			);
		};
/* End PBXProject section */

/* Begin PBXResourcesBuildPhase section */
		4A5B88AD1C5CA03B0043572D /* Resources */ = {
			isa = PBXResourcesBuildPhase;
			buildActionMask = 2147483647;
			files = (
				4A5B88BA1C5CA03B0043572D /* Assets.xcassets in Resources */,
			);
			runOnlyForDeploymentPostprocessing = 0;
		};
/* End PBXResourcesBuildPhase section */

/* Begin PBXShellScriptBuildPhase section */
		060EEE134001A8A8F9DB8202 /* Embed Pods Frameworks */ = {
			isa = PBXShellScriptBuildPhase;
			buildActionMask = 2147483647;
			files = (
			);
			inputPaths = (
			);
			name = "Embed Pods Frameworks";
			outputPaths = (
			);
			runOnlyForDeploymentPostprocessing = 0;
			shellPath = /bin/sh;
			shellScript = "\"${SRCROOT}/Pods/Target Support Files/Pods/Pods-frameworks.sh\"\n";
			showEnvVarsInLog = 0;
		};
		750CC0219E2B14C03344B9D1 /* Check Pods Manifest.lock */ = {
			isa = PBXShellScriptBuildPhase;
			buildActionMask = 2147483647;
			files = (
			);
			inputPaths = (
			);
			name = "Check Pods Manifest.lock";
			outputPaths = (
			);
			runOnlyForDeploymentPostprocessing = 0;
			shellPath = /bin/sh;
			shellScript = "diff \"${PODS_ROOT}/../Podfile.lock\" \"${PODS_ROOT}/Manifest.lock\" > /dev/null\nif [[ $? != 0 ]] ; then\n    cat << EOM\nerror: The sandbox is not in sync with the Podfile.lock. Run 'pod install' or update your CocoaPods installation.\nEOM\n    exit 1\nfi\n";
			showEnvVarsInLog = 0;
		};
		F425B44813558D3FEC5BAC1C /* Copy Pods Resources */ = {
			isa = PBXShellScriptBuildPhase;
			buildActionMask = 2147483647;
			files = (
			);
			inputPaths = (
			);
			name = "Copy Pods Resources";
			outputPaths = (
			);
			runOnlyForDeploymentPostprocessing = 0;
			shellPath = /bin/sh;
			shellScript = "\"${SRCROOT}/Pods/Target Support Files/Pods/Pods-resources.sh\"\n";
			showEnvVarsInLog = 0;
		};
/* End PBXShellScriptBuildPhase section */

/* Begin PBXSourcesBuildPhase section */
		4A5B88AB1C5CA03B0043572D /* Sources */ = {
			isa = PBXSourcesBuildPhase;
			buildActionMask = 2147483647;
			files = (
				4A9E01181C64D6BA0045AC09 /* RYGlobal.swift in Sources */,
				4A965F061C737185005E14E1 /* RYUser.swift in Sources */,
				4AD248AB1C68CA98003F110A /* RYWelcomeController.swift in Sources */,
				4A5B88DC1C5CB4400043572D /* RYHomeController.swift in Sources */,
				4A7919231C749E870045DD08 /* RYAuthController.swift in Sources */,
				4A965E761C75C72F00DB1FBC /* RYBottomView.swift in Sources */,
				4AED05ED1C734A1400C9C7D8 /* UIButton+Extension.swift in Sources */,
				4A7919281C749EC60045DD08 /* RYHomeCell.swift in Sources */,
				4A6EAB7A1C61FFD300A08B4B /* RYVisitorView.swift in Sources */,
				4A5B88D81C5CAE5D0043572D /* RYTabBar.swift in Sources */,
				4A5B88E01C5CB4690043572D /* RYProfileController.swift in Sources */,
				4A5B88DE1C5CB4520043572D /* RYMessageController.swift in Sources */,
				4A6EAB781C61F2AA00A08B4B /* RYBasicVisitorTVC.swift in Sources */,
				4A965F021C736A45005E14E1 /* RYStatusViewModel.swift in Sources */,
				4AED05EB1C73456900C9C7D8 /* UILabel+Extension.swift in Sources */,
				4AD248A71C6883BC003F110A /* RYUserAccount.swift in Sources */,
				4A965F041C736B5F005E14E1 /* RYStatus.swift in Sources */,
				4A5B88D61C5CADF10043572D /* RYTabBarController.swift in Sources */,
				4A9E011A1C64DF7F0045AC09 /* RYNetworkTool.swift in Sources */,
				4A965E741C75A56500DB1FBC /* RYOriginalWeibo.swift in Sources */,
				4A5B88B31C5CA03B0043572D /* AppDelegate.swift in Sources */,
				4A5B88DA1C5CB42B0043572D /* RYDiscoverController.swift in Sources */,
				4AD248A91C68A04D003F110A /* RYAccountViewModel.swift in Sources */,
			);
			runOnlyForDeploymentPostprocessing = 0;
		};
/* End PBXSourcesBuildPhase section */

/* Begin XCBuildConfiguration section */
		4A5B88BF1C5CA03B0043572D /* Debug */ = {
			isa = XCBuildConfiguration;
			buildSettings = {
				ALWAYS_SEARCH_USER_PATHS = NO;
				CLANG_CXX_LANGUAGE_STANDARD = "gnu++0x";
				CLANG_CXX_LIBRARY = "libc++";
				CLANG_ENABLE_MODULES = YES;
				CLANG_ENABLE_OBJC_ARC = YES;
				CLANG_WARN_BOOL_CONVERSION = YES;
				CLANG_WARN_CONSTANT_CONVERSION = YES;
				CLANG_WARN_DIRECT_OBJC_ISA_USAGE = YES_ERROR;
				CLANG_WARN_EMPTY_BODY = YES;
				CLANG_WARN_ENUM_CONVERSION = YES;
				CLANG_WARN_INT_CONVERSION = YES;
				CLANG_WARN_OBJC_ROOT_CLASS = YES_ERROR;
				CLANG_WARN_UNREACHABLE_CODE = YES;
				CLANG_WARN__DUPLICATE_METHOD_MATCH = YES;
				"CODE_SIGN_IDENTITY[sdk=iphoneos*]" = "iPhone Developer";
				COPY_PHASE_STRIP = NO;
				DEBUG_INFORMATION_FORMAT = dwarf;
				ENABLE_STRICT_OBJC_MSGSEND = YES;
				ENABLE_TESTABILITY = YES;
				GCC_C_LANGUAGE_STANDARD = gnu99;
				GCC_DYNAMIC_NO_PIC = NO;
				GCC_NO_COMMON_BLOCKS = YES;
				GCC_OPTIMIZATION_LEVEL = 0;
				GCC_PREPROCESSOR_DEFINITIONS = (
					"DEBUG=1",
					"$(inherited)",
				);
				GCC_WARN_64_TO_32_BIT_CONVERSION = YES;
				GCC_WARN_ABOUT_RETURN_TYPE = YES_ERROR;
				GCC_WARN_UNDECLARED_SELECTOR = YES;
				GCC_WARN_UNINITIALIZED_AUTOS = YES_AGGRESSIVE;
				GCC_WARN_UNUSED_FUNCTION = YES;
				GCC_WARN_UNUSED_VARIABLE = YES;
				IPHONEOS_DEPLOYMENT_TARGET = 9.2;
				MTL_ENABLE_DEBUG_INFO = YES;
				ONLY_ACTIVE_ARCH = YES;
				SDKROOT = iphoneos;
				SWIFT_OPTIMIZATION_LEVEL = "-Onone";
			};
			name = Debug;
		};
		4A5B88C01C5CA03B0043572D /* Release */ = {
			isa = XCBuildConfiguration;
			buildSettings = {
				ALWAYS_SEARCH_USER_PATHS = NO;
				CLANG_CXX_LANGUAGE_STANDARD = "gnu++0x";
				CLANG_CXX_LIBRARY = "libc++";
				CLANG_ENABLE_MODULES = YES;
				CLANG_ENABLE_OBJC_ARC = YES;
				CLANG_WARN_BOOL_CONVERSION = YES;
				CLANG_WARN_CONSTANT_CONVERSION = YES;
				CLANG_WARN_DIRECT_OBJC_ISA_USAGE = YES_ERROR;
				CLANG_WARN_EMPTY_BODY = YES;
				CLANG_WARN_ENUM_CONVERSION = YES;
				CLANG_WARN_INT_CONVERSION = YES;
				CLANG_WARN_OBJC_ROOT_CLASS = YES_ERROR;
				CLANG_WARN_UNREACHABLE_CODE = YES;
				CLANG_WARN__DUPLICATE_METHOD_MATCH = YES;
				"CODE_SIGN_IDENTITY[sdk=iphoneos*]" = "iPhone Developer";
				COPY_PHASE_STRIP = NO;
				DEBUG_INFORMATION_FORMAT = "dwarf-with-dsym";
				ENABLE_NS_ASSERTIONS = NO;
				ENABLE_STRICT_OBJC_MSGSEND = YES;
				GCC_C_LANGUAGE_STANDARD = gnu99;
				GCC_NO_COMMON_BLOCKS = YES;
				GCC_WARN_64_TO_32_BIT_CONVERSION = YES;
				GCC_WARN_ABOUT_RETURN_TYPE = YES_ERROR;
				GCC_WARN_UNDECLARED_SELECTOR = YES;
				GCC_WARN_UNINITIALIZED_AUTOS = YES_AGGRESSIVE;
				GCC_WARN_UNUSED_FUNCTION = YES;
				GCC_WARN_UNUSED_VARIABLE = YES;
				IPHONEOS_DEPLOYMENT_TARGET = 9.2;
				MTL_ENABLE_DEBUG_INFO = NO;
				SDKROOT = iphoneos;
				VALIDATE_PRODUCT = YES;
			};
			name = Release;
		};
		4A5B88C21C5CA03B0043572D /* Debug */ = {
			isa = XCBuildConfiguration;
			baseConfigurationReference = 6798C9D5691F9A278F7381A5 /* Pods.debug.xcconfig */;
			buildSettings = {
				ASSETCATALOG_COMPILER_APPICON_NAME = AppIcon;
				ASSETCATALOG_COMPILER_LAUNCHIMAGE_NAME = "Brand Assets";
				INFOPLIST_FILE = Ryubo/Info.plist;
				LD_RUNPATH_SEARCH_PATHS = "$(inherited) @executable_path/Frameworks";
				PRODUCT_BUNDLE_IDENTIFIER = cn.Ryukie.Ryubo;
				PRODUCT_NAME = "$(TARGET_NAME)";
			};
			name = Debug;
		};
		4A5B88C31C5CA03B0043572D /* Release */ = {
			isa = XCBuildConfiguration;
			baseConfigurationReference = 7C3328FF88D4489EA9BFE773 /* Pods.release.xcconfig */;
			buildSettings = {
				ASSETCATALOG_COMPILER_APPICON_NAME = AppIcon;
				ASSETCATALOG_COMPILER_LAUNCHIMAGE_NAME = "Brand Assets";
				INFOPLIST_FILE = Ryubo/Info.plist;
				LD_RUNPATH_SEARCH_PATHS = "$(inherited) @executable_path/Frameworks";
				PRODUCT_BUNDLE_IDENTIFIER = cn.Ryukie.Ryubo;
				PRODUCT_NAME = "$(TARGET_NAME)";
			};
			name = Release;
		};
/* End XCBuildConfiguration section */

/* Begin XCConfigurationList section */
		4A5B88AA1C5CA03B0043572D /* Build configuration list for PBXProject "Ryubo" */ = {
			isa = XCConfigurationList;
			buildConfigurations = (
				4A5B88BF1C5CA03B0043572D /* Debug */,
				4A5B88C01C5CA03B0043572D /* Release */,
			);
			defaultConfigurationIsVisible = 0;
			defaultConfigurationName = Release;
		};
		4A5B88C11C5CA03B0043572D /* Build configuration list for PBXNativeTarget "Ryubo" */ = {
			isa = XCConfigurationList;
			buildConfigurations = (
				4A5B88C21C5CA03B0043572D /* Debug */,
				4A5B88C31C5CA03B0043572D /* Release */,
			);
			defaultConfigurationIsVisible = 0;
			defaultConfigurationName = Release;
		};
/* End XCConfigurationList section */
	};
	rootObject = 4A5B88A71C5CA03B0043572D /* Project object */;
}
